{
  "name": "xbox-activity-js",
  "version": "1.0.0",
  "lockfileVersion": 3,
  "requires": true,
  "packages": {
    "": {
      "name": "xbox-activity-js",
      "version": "1.0.0",
      "license": "ISC",
      "dependencies": {
        "dotenv": "^16.0.3",
        "xbdm.js": "^1.1.6"
      }
    },
    "node_modules/axios": {
      "version": "0.19.2",
      "resolved": "https://registry.npmjs.org/axios/-/axios-0.19.2.tgz",
      "integrity": "sha512-fjgm5MvRHLhx+osE2xoekY70AhARk3a6hkN+3Io1jc00jtquGvxYlKlsFUhmUET0V5te6CcZI7lcv2Ym61mjHA==",
      "deprecated": "Critical security vulnerability fixed in v0.21.1. For more information, see https://github.com/axios/axios/pull/3410",
      "license": "MIT",
      "dependencies": {
        "follow-redirects": "1.5.10"
      }
    },
    "node_modules/bmp-js": {
      "version": "0.1.0",
      "resolved": "https://registry.npmjs.org/bmp-js/-/bmp-js-0.1.0.tgz",
      "integrity": "sha512-vHdS19CnY3hwiNdkaqk93DvjVLfbEcI8mys4UjuWrlX1haDmroo8o4xCzh4wD6DGV6HxRCyauwhHRqMTfERtjw==",
      "license": "MIT"
    },
    "node_modules/core-js": {
      "version": "3.37.1",
      "resolved": "https://registry.npmjs.org/core-js/-/core-js-3.37.1.tgz",
      "integrity": "sha512-Xn6qmxrQZyB0FFY8E3bgRXei3lWDJHhvI+u0q9TKIYM49G8pAr0FgnnrFRAmsbptZL1yxRADVXn+x5AGsbBfyw==",
      "hasInstallScript": true,
      "license": "MIT",
      "funding": {
        "type": "opencollective",
        "url": "https://opencollective.com/core-js"
      }
    },
    "node_modules/debug": {
      "version": "3.1.0",
      "resolved": "https://registry.npmjs.org/debug/-/debug-3.1.0.tgz",
      "integrity": "sha512-OX8XqP7/1a9cqkxYw2yXss15f26NKWBpDXQd0/uK/KPqdQhxbPa994hnzjcE2VqQpDslf55723cKPUOGSmMY3g==",
      "license": "MIT",
      "dependencies": {
        "ms": "2.0.0"
      }
    },
    "node_modules/dotenv": {
      "version": "16.0.3",
      "resolved": "https://registry.npmjs.org/dotenv/-/dotenv-16.0.3.tgz",
      "integrity": "sha512-7GO6HghkA5fYG9TYnNxi14/7K9f5occMlp3zXAuSxn7CKCxt9xbNWG7yF8hTCSUchlfWSe3uLmlPfigevRItzQ==",
      "license": "BSD-2-Clause",
      "engines": {
        "node": ">=12"
      }
    },
    "node_modules/follow-redirects": {
      "version": "1.5.10",
      "resolved": "https://registry.npmjs.org/follow-redirects/-/follow-redirects-1.5.10.tgz",
      "integrity": "sha512-0V5l4Cizzvqt5D44aTXbFZz+FtyXV1vrDN6qrelxtfYQKW0KO0W2T/hkE8xvGa/540LkZlkaUjO4ailYTFtHVQ==",
      "license": "MIT",
      "dependencies": {
        "debug": "=3.1.0"
      },
      "engines": {
        "node": ">=4.0"
      }
    },
    "node_modules/ms": {
      "version": "2.0.0",
      "resolved": "https://registry.npmjs.org/ms/-/ms-2.0.0.tgz",
      "integrity": "sha512-Tpp60P6IUJDTuOq/5Z8cdskzJujfwqfOTkrwIwj7IRISpnkJnT6SyJ4PCPnGMoFjC9ddhal5KVIYtAt97ix05A==",
      "license": "MIT"
    },
    "node_modules/promise-duplex": {
      "version": "5.0.3",
      "resolved": "https://registry.npmjs.org/promise-duplex/-/promise-duplex-5.0.3.tgz",
      "integrity": "sha512-f/1gIgfEe5RUUHwA42B6oC8nhUpFheRC4Mc6gsAJGzpNdUyCwJ2rHMBKCorB4l//zmb8j2+TPUrr3le5Jqi+iA==",
      "license": "MIT",
      "dependencies": {
        "core-js": "^3.6.1",
        "promise-readable": "^5.0.4",
        "promise-writable": "^5.0.4"
      },
      "engines": {
        "node": ">=6.0.0"
      }
    },
    "node_modules/promise-readable": {
      "version": "5.0.4",
      "resolved": "https://registry.npmjs.org/promise-readable/-/promise-readable-5.0.4.tgz",
      "integrity": "sha512-v1MqYyLQvopoi+FOVL+HErz4TB7lpaZf7H+pQo8vW6yAmJ1QZVDww7XTTwK+gqzQZylmhrlS3CaHQzLkKorZjA==",
      "license": "MIT",
      "dependencies": {
        "core-js": "^3.6.1"
      },
      "engines": {
        "node": ">=6.0.0"
      }
    },
    "node_modules/promise-socket": {
      "version": "6.0.3",
      "resolved": "https://registry.npmjs.org/promise-socket/-/promise-socket-6.0.3.tgz",
      "integrity": "sha512-mCP9YcHwOh2bGmuHURSu2YnzSdOyWmMd3qKv6eSFLOY6iax+IDENou4cCtsEKIQwaj9gVlcOQVLCOB/yd4ELgg==",
      "license": "MIT",
      "dependencies": {
        "promise-duplex": "^5.0.3",
        "tslib": "^1.10.0"
      },
      "engines": {
        "node": ">=6.0.0"
      }
    },
    "node_modules/promise-writable": {
      "version": "5.0.4",
      "resolved": "https://registry.npmjs.org/promise-writable/-/promise-writable-5.0.4.tgz",
      "integrity": "sha512-D8ar07P5Ntc1C9KhEOZplFdHn82BpiYn/FDc1S8PY2shrRqRcf27zq1GcMsfiP/cvEpatF6Vk3q1L+T7+5OoDw==",
      "license": "MIT",
      "engines": {
        "node": ">=6.0.0"
      }
    },
    "node_modules/tslib": {
      "version": "1.14.1",
      "resolved": "https://registry.npmjs.org/tslib/-/tslib-1.14.1.tgz",
      "integrity": "sha512-Xni35NKzjgMrwevysHTCArtLDpPvye8zV/0E4EyYn43P7/7qvQwPh9BGkHewbMulVntbigmcT7rdX3BNo9wRJg==",
      "license": "0BSD"
    },
    "node_modules/xbdm.js": {
      "version": "1.1.6",
      "resolved": "https://registry.npmjs.org/xbdm.js/-/xbdm.js-1.1.6.tgz",
      "integrity": "sha512-1YkjT8ppm0IThJEnxwS8YZzqPY6RvRnV5NOCTD3K7XIIz9GUXnqw7mDtqBkAKMvf53OXG6ecExZ/xE/f57lkDA==",
      "license": "MIT",
      "dependencies": {
        "axios": "^0.19.0",
        "bmp-js": "^0.1.0",
        "promise-socket": "^6.0.0"
      }
    }
  }
}
